
Microsoft Visual Studio Solution File, Format Version 12.00
# Visual Studio 2013
VisualStudioVersion = 12.0.21005.1
MinimumVisualStudioVersion = 10.0.40219.1
Project("{8BC9CEB8-8B4A-11D0-8D11-00A0C91BC942}") = "语法分析1", "语法分析1\语法分析1.vcxproj", "{2872F809-94D0-4B89-A462-0B61E9031E0B}"
EndProject
Project("{8BC9CEB8-8B4A-11D0-8D11-00A0C91BC942}") = "test", "test\test.vcxproj", "{529AEA3A-9624-49EC-B428-71582D3ECCAA}"
EndProject
Project("{8BC9CEB8-8B4A-11D0-8D11-00A0C91BC942}") = "Project1", "Project1\Project1.vcxproj", "{8D89739C-AE4C-448A-92BA-74367E390D84}"
EndProject
Global
	GlobalSection(SolutionConfigurationPlatforms) = preSolution
		Debug|Win32 = Debug|Win32
		Release|Win32 = Release|Win32
	EndGlobalSection
	GlobalSection(ProjectConfigurationPlatforms) = postSolution
		{2872F809-94D0-4B89-A462-0B61E9031E0B}.Debug|Win32.ActiveCfg = Debug|Win32
		{2872F809-94D0-4B89-A462-0B61E9031E0B}.Debug|Win32.Build.0 = Debug|Win32
		{2872F809-94D0-4B89-A462-0B61E9031E0B}.Release|Win32.ActiveCfg = Release|Win32
		{2872F809-94D0-4B89-A462-0B61E9031E0B}.Release|Win32.Build.0 = Release|Win32
		{529AEA3A-9624-49EC-B428-71582D3ECCAA}.Debug|Win32.ActiveCfg = Debug|Win32
		{529AEA3A-9624-49EC-B428-71582D3ECCAA}.Debug|Win32.Build.0 = Debug|Win32
		{529AEA3A-9624-49EC-B428-71582D3ECCAA}.Release|Win32.ActiveCfg = Release|Win32
		{529AEA3A-9624-49EC-B428-71582D3ECCAA}.Release|Win32.Build.0 = Release|Win32
		{8D89739C-AE4C-448A-92BA-74367E390D84}.Debug|Win32.ActiveCfg = Debug|Win32
		{8D89739C-AE4C-448A-92BA-74367E390D84}.Debug|Win32.Build.0 = Debug|Win32
		{8D89739C-AE4C-448A-92BA-74367E390D84}.Release|Win32.ActiveCfg = Release|Win32
		{8D89739C-AE4C-448A-92BA-74367E390D84}.Release|Win32.Build.0 = Release|Win32
	EndGlobalSection
	GlobalSection(SolutionProperties) = preSolution
		HideSolutionNode = FALSE
	EndGlobalSection
EndGlobal
